// !$*UTF8*$!
{
	archiveVersion = 1;
	classes = {
	};
	objectVersion = 56;
	objects = {

/* Begin PBXBuildFile section */
		3638647A2C41992B00501761 /* InteractiveUIApp.swift in Sources */ = {isa = PBXBuildFile; fileRef = 363864792C41992B00501761 /* InteractiveUIApp.swift */; };
		3638647C2C41992B00501761 /* ContentView.swift in Sources */ = {isa = PBXBuildFile; fileRef = 3638647B2C41992B00501761 /* ContentView.swift */; };
		3638647E2C41992C00501761 /* Assets.xcassets in Resources */ = {isa = PBXBuildFile; fileRef = 3638647D2C41992C00501761 /* Assets.xcassets */; };
		363864812C41992C00501761 /* Preview Assets.xcassets in Resources */ = {isa = PBXBuildFile; fileRef = 363864802C41992C00501761 /* Preview Assets.xcassets */; };
		3638648B2C41992C00501761 /* InteractiveUITests.swift in Sources */ = {isa = PBXBuildFile; fileRef = 3638648A2C41992C00501761 /* InteractiveUITests.swift */; };
		363864952C41992C00501761 /* InteractiveUIUITests.swift in Sources */ = {isa = PBXBuildFile; fileRef = 363864942C41992C00501761 /* InteractiveUIUITests.swift */; };
		363864972C41992C00501761 /* InteractiveUIUITestsLaunchTests.swift in Sources */ = {isa = PBXBuildFile; fileRef = 363864962C41992C00501761 /* InteractiveUIUITestsLaunchTests.swift */; };
/* End PBXBuildFile section */

/* Begin PBXContainerItemProxy section */
		363864872C41992C00501761 /* PBXContainerItemProxy */ = {
			isa = PBXContainerItemProxy;
			containerPortal = 3638646E2C41992B00501761 /* Project object */;
			proxyType = 1;
			remoteGlobalIDString = 363864752C41992B00501761;
			remoteInfo = InteractiveUI;
		};
		363864912C41992C00501761 /* PBXContainerItemProxy */ = {
			isa = PBXContainerItemProxy;
			containerPortal = 3638646E2C41992B00501761 /* Project object */;
			proxyType = 1;
			remoteGlobalIDString = 363864752C41992B00501761;
			remoteInfo = InteractiveUI;
		};
/* End PBXContainerItemProxy section */

/* Begin PBXFileReference section */
		363864762C41992B00501761 /* InteractiveUI.app */ = {isa = PBXFileReference; explicitFileType = wrapper.application; includeInIndex = 0; path = InteractiveUI.app; sourceTree = BUILT_PRODUCTS_DIR; };
		363864792C41992B00501761 /* InteractiveUIApp.swift */ = {isa = PBXFileReference; lastKnownFileType = sourcecode.swift; path = InteractiveUIApp.swift; sourceTree = "<group>"; };
		3638647B2C41992B00501761 /* ContentView.swift */ = {isa = PBXFileReference; lastKnownFileType = sourcecode.swift; path = ContentView.swift; sourceTree = "<group>"; };
		3638647D2C41992C00501761 /* Assets.xcassets */ = {isa = PBXFileReference; lastKnownFileType = folder.assetcatalog; path = Assets.xcassets; sourceTree = "<group>"; };
		363864802C41992C00501761 /* Preview Assets.xcassets */ = {isa = PBXFileReference; lastKnownFileType = folder.assetcatalog; path = "Preview Assets.xcassets"; sourceTree = "<group>"; };
		363864862C41992C00501761 /* InteractiveUITests.xctest */ = {isa = PBXFileReference; explicitFileType = wrapper.cfbundle; includeInIndex = 0; path = InteractiveUITests.xctest; sourceTree = BUILT_PRODUCTS_DIR; };
		3638648A2C41992C00501761 /* InteractiveUITests.swift */ = {isa = PBXFileReference; lastKnownFileType = sourcecode.swift; path = InteractiveUITests.swift; sourceTree = "<group>"; };
		363864902C41992C00501761 /* InteractiveUIUITests.xctest */ = {isa = PBXFileReference; explicitFileType = wrapper.cfbundle; includeInIndex = 0; path = InteractiveUIUITests.xctest; sourceTree = BUILT_PRODUCTS_DIR; };
		363864942C41992C00501761 /* InteractiveUIUITests.swift */ = {isa = PBXFileReference; lastKnownFileType = sourcecode.swift; path = InteractiveUIUITests.swift; sourceTree = "<group>"; };
		363864962C41992C00501761 /* InteractiveUIUITestsLaunchTests.swift */ = {isa = PBXFileReference; lastKnownFileType = sourcecode.swift; path = InteractiveUIUITestsLaunchTests.swift; sourceTree = "<group>"; };
/* End PBXFileReference section */

/* Begin PBXFrameworksBuildPhase section */
		363864732C41992B00501761 /* Frameworks */ = {
			isa = PBXFrameworksBuildPhase;
			buildActionMask = 2147483647;
			files = (
			);
			runOnlyForDeploymentPostprocessing = 0;
		};
		363864832C41992C00501761 /* Frameworks */ = {
			isa = PBXFrameworksBuildPhase;
			buildActionMask = 2147483647;
			files = (
			);
			runOnlyForDeploymentPostprocessing = 0;
		};
		3638648D2C41992C00501761 /* Frameworks */ = {
			isa = PBXFrameworksBuildPhase;
			buildActionMask = 2147483647;
			files = (
			);
			runOnlyForDeploymentPostprocessing = 0;
		};
/* End PBXFrameworksBuildPhase section */

/* Begin PBXGroup section */
		3638646D2C41992B00501761 = {
			isa = PBXGroup;
			children = (
				363864782C41992B00501761 /* InteractiveUI */,
				363864892C41992C00501761 /* InteractiveUITests */,
				363864932C41992C00501761 /* InteractiveUIUITests */,
				363864772C41992B00501761 /* Products */,
			);
			sourceTree = "<group>";
		};
		363864772C41992B00501761 /* Products */ = {
			isa = PBXGroup;
			children = (
				363864762C41992B00501761 /* InteractiveUI.app */,
				363864862C41992C00501761 /* InteractiveUITests.xctest */,
				363864902C41992C00501761 /* InteractiveUIUITests.xctest */,
			);
			name = Products;
			sourceTree = "<group>";
		};
		363864782C41992B00501761 /* InteractiveUI */ = {
			isa = PBXGroup;
			children = (
				363864792C41992B00501761 /* InteractiveUIApp.swift */,
				3638647B2C41992B00501761 /* ContentView.swift */,
				3638647D2C41992C00501761 /* Assets.xcassets */,
				3638647F2C41992C00501761 /* Preview Content */,
			);
			path = InteractiveUI;
			sourceTree = "<group>";
		};
		3638647F2C41992C00501761 /* Preview Content */ = {
			isa = PBXGroup;
			children = (
				363864802C41992C00501761 /* Preview Assets.xcassets */,
			);
			path = "Preview Content";
			sourceTree = "<group>";
		};
		363864892C41992C00501761 /* InteractiveUITests */ = {
			isa = PBXGroup;
			children = (
				3638648A2C41992C00501761 /* InteractiveUITests.swift */,
			);
			path = InteractiveUITests;
			sourceTree = "<group>";
		};
		363864932C41992C00501761 /* InteractiveUIUITests */ = {
			isa = PBXGroup;
			children = (
				363864942C41992C00501761 /* InteractiveUIUITests.swift */,
				363864962C41992C00501761 /* InteractiveUIUITestsLaunchTests.swift */,
			);
			path = InteractiveUIUITests;
			sourceTree = "<group>";
		};
/* End PBXGroup section */

/* Begin PBXNativeTarget section */
		363864752C41992B00501761 /* InteractiveUI */ = {
			isa = PBXNativeTarget;
			buildConfigurationList = 3638649A2C41992C00501761 /* Build configuration list for PBXNativeTarget "InteractiveUI" */;
			buildPhases = (
				363864722C41992B00501761 /* Sources */,
				363864732C41992B00501761 /* Frameworks */,
				363864742C41992B00501761 /* Resources */,
			);
			buildRules = (
			);
			dependencies = (
			);
			name = InteractiveUI;
			productName = InteractiveUI;
			productReference = 363864762C41992B00501761 /* InteractiveUI.app */;
			productType = "com.apple.product-type.application";
		};
		363864852C41992C00501761 /* InteractiveUITests */ = {
			isa = PBXNativeTarget;
			buildConfigurationList = 3638649D2C41992C00501761 /* Build configuration list for PBXNativeTarget "InteractiveUITests" */;
			buildPhases = (
				363864822C41992C00501761 /* Sources */,
				363864832C41992C00501761 /* Frameworks */,
				363864842C41992C00501761 /* Resources */,
			);
			buildRules = (
			);
			dependencies = (
				363864882C41992C00501761 /* PBXTargetDependency */,
			);
			name = InteractiveUITests;
			productName = InteractiveUITests;
			productReference = 363864862C41992C00501761 /* InteractiveUITests.xctest */;
			productType = "com.apple.product-type.bundle.unit-test";
		};
		3638648F2C41992C00501761 /* InteractiveUIUITests */ = {
			isa = PBXNativeTarget;
			buildConfigurationList = 363864A02C41992C00501761 /* Build configuration list for PBXNativeTarget "InteractiveUIUITests" */;
			buildPhases = (
				3638648C2C41992C00501761 /* Sources */,
				3638648D2C41992C00501761 /* Frameworks */,
				3638648E2C41992C00501761 /* Resources */,
			);
			buildRules = (
			);
			dependencies = (
				363864922C41992C00501761 /* PBXTargetDependency */,
			);
			name = InteractiveUIUITests;
			productName = InteractiveUIUITests;
			productReference = 363864902C41992C00501761 /* InteractiveUIUITests.xctest */;
			productType = "com.apple.product-type.bundle.ui-testing";
		};
/* End PBXNativeTarget section */

/* Begin PBXProject section */
		3638646E2C41992B00501761 /* Project object */ = {
			isa = PBXProject;
			attributes = {
				BuildIndependentTargetsInParallel = 1;
				LastSwiftUpdateCheck = 1540;
				LastUpgradeCheck = 1540;
				TargetAttributes = {
					363864752C41992B00501761 = {
						CreatedOnToolsVersion = 15.4;
					};
					363864852C41992C00501761 = {
						CreatedOnToolsVersion = 15.4;
						TestTargetID = 363864752C41992B00501761;
					};
					3638648F2C41992C00501761 = {
						CreatedOnToolsVersion = 15.4;
						TestTargetID = 363864752C41992B00501761;
					};
				};
			};
			buildConfigurationList = 363864712C41992B00501761 /* Build configuration list for PBXProject "InteractiveUI" */;
			compatibilityVersion = "Xcode 14.0";
			developmentRegion = en;
			hasScannedForEncodings = 0;
			knownRegions = (
				en,
				Base,
			);
			mainGroup = 3638646D2C41992B00501761;
			productRefGroup = 363864772C41992B00501761 /* Products */;
			projectDirPath = "";
			projectRoot = "";
			targets = (
				363864752C41992B00501761 /* InteractiveUI */,
				363864852C41992C00501761 /* InteractiveUITests */,
				3638648F2C41992C00501761 /* InteractiveUIUITests */,
			);
		};
/* End PBXProject section */

/* Begin PBXResourcesBuildPhase section */
		363864742C41992B00501761 /* Resources */ = {
			isa = PBXResourcesBuildPhase;
			buildActionMask = 2147483647;
			files = (
				363864812C41992C00501761 /* Preview Assets.xcassets in Resources */,
				3638647E2C41992C00501761 /* Assets.xcassets in Resources */,
			);
			runOnlyForDeploymentPostprocessing = 0;
		};
		363864842C41992C00501761 /* Resources */ = {
			isa = PBXResourcesBuildPhase;
			buildActionMask = 2147483647;
			files = (
			);
			runOnlyForDeploymentPostprocessing = 0;
		};
		3638648E2C41992C00501761 /* Resources */ = {
			isa = PBXResourcesBuildPhase;
			buildActionMask = 2147483647;
			files = (
			);
			runOnlyForDeploymentPostprocessing = 0;
		};
/* End PBXResourcesBuildPhase section */

/* Begin PBXSourcesBuildPhase section */
		363864722C41992B00501761 /* Sources */ = {
			isa = PBXSourcesBuildPhase;
			buildActionMask = 2147483647;
			files = (
				3638647C2C41992B00501761 /* ContentView.swift in Sources */,
				3638647A2C41992B00501761 /* InteractiveUIApp.swift in Sources */,
			);
			runOnlyForDeploymentPostprocessing = 0;
		};
		363864822C41992C00501761 /* Sources */ = {
			isa = PBXSourcesBuildPhase;
			buildActionMask = 2147483647;
			files = (
				3638648B2C41992C00501761 /* InteractiveUITests.swift in Sources */,
			);
			runOnlyForDeploymentPostprocessing = 0;
		};
		3638648C2C41992C00501761 /* Sources */ = {
			isa = PBXSourcesBuildPhase;
			buildActionMask = 2147483647;
			files = (
				363864952C41992C00501761 /* InteractiveUIUITests.swift in Sources */,
				363864972C41992C00501761 /* InteractiveUIUITestsLaunchTests.swift in Sources */,
			);
			runOnlyForDeploymentPostprocessing = 0;
		};
/* End PBXSourcesBuildPhase section */

/* Begin PBXTargetDependency section */
		363864882C41992C00501761 /* PBXTargetDependency */ = {
			isa = PBXTargetDependency;
			target = 363864752C41992B00501761 /* InteractiveUI */;
			targetProxy = 363864872C41992C00501761 /* PBXContainerItemProxy */;
		};
		363864922C41992C00501761 /* PBXTargetDependency */ = {
			isa = PBXTargetDependency;
			target = 363864752C41992B00501761 /* InteractiveUI */;
			targetProxy = 363864912C41992C00501761 /* PBXContainerItemProxy */;
		};
/* End PBXTargetDependency section */

/* Begin XCBuildConfiguration section */
		363864982C41992C00501761 /* Debug */ = {
			isa = XCBuildConfiguration;
			buildSettings = {
				ALWAYS_SEARCH_USER_PATHS = NO;
				ASSETCATALOG_COMPILER_GENERATE_SWIFT_ASSET_SYMBOL_EXTENSIONS = YES;
				CLANG_ANALYZER_NONNULL = YES;
				CLANG_ANALYZER_NUMBER_OBJECT_CONVERSION = YES_AGGRESSIVE;
				CLANG_CXX_LANGUAGE_STANDARD = "gnu++20";
				CLANG_ENABLE_MODULES = YES;
				CLANG_ENABLE_OBJC_ARC = YES;
				CLANG_ENABLE_OBJC_WEAK = YES;
				CLANG_WARN_BLOCK_CAPTURE_AUTORELEASING = YES;
				CLANG_WARN_BOOL_CONVERSION = YES;
				CLANG_WARN_COMMA = YES;
				CLANG_WARN_CONSTANT_CONVERSION = YES;
				CLANG_WARN_DEPRECATED_OBJC_IMPLEMENTATIONS = YES;
				CLANG_WARN_DIRECT_OBJC_ISA_USAGE = YES_ERROR;
				CLANG_WARN_DOCUMENTATION_COMMENTS = YES;
				CLANG_WARN_EMPTY_BODY = YES;
				CLANG_WARN_ENUM_CONVERSION = YES;
				CLANG_WARN_INFINITE_RECURSION = YES;
				CLANG_WARN_INT_CONVERSION = YES;
				CLANG_WARN_NON_LITERAL_NULL_CONVERSION = YES;
				CLANG_WARN_OBJC_IMPLICIT_RETAIN_SELF = YES;
				CLANG_WARN_OBJC_LITERAL_CONVERSION = YES;
				CLANG_WARN_OBJC_ROOT_CLASS = YES_ERROR;
				CLANG_WARN_QUOTED_INCLUDE_IN_FRAMEWORK_HEADER = YES;
				CLANG_WARN_RANGE_LOOP_ANALYSIS = YES;
				CLANG_WARN_STRICT_PROTOTYPES = YES;
				CLANG_WARN_SUSPICIOUS_MOVE = YES;
				CLANG_WARN_UNGUARDED_AVAILABILITY = YES_AGGRESSIVE;
				CLANG_WARN_UNREACHABLE_CODE = YES;
				CLANG_WARN__DUPLICATE_METHOD_MATCH = YES;
				COPY_PHASE_STRIP = NO;
				DEBUG_INFORMATION_FORMAT = dwarf;
				ENABLE_STRICT_OBJC_MSGSEND = YES;
				ENABLE_TESTABILITY = YES;
				ENABLE_USER_SCRIPT_SANDBOXING = YES;
				GCC_C_LANGUAGE_STANDARD = gnu17;
				GCC_DYNAMIC_NO_PIC = NO;
				GCC_NO_COMMON_BLOCKS = YES;
				GCC_OPTIMIZATION_LEVEL = 0;
				GCC_PREPROCESSOR_DEFINITIONS = (
					"DEBUG=1",
					"$(inherited)",
				);
				GCC_WARN_64_TO_32_BIT_CONVERSION = YES;
				GCC_WARN_ABOUT_RETURN_TYPE = YES_ERROR;
				GCC_WARN_UNDECLARED_SELECTOR = YES;
				GCC_WARN_UNINITIALIZED_AUTOS = YES_AGGRESSIVE;
				GCC_WARN_UNUSED_FUNCTION = YES;
				GCC_WARN_UNUSED_VARIABLE = YES;
				IPHONEOS_DEPLOYMENT_TARGET = 17.5;
				LOCALIZATION_PREFERS_STRING_CATALOGS = YES;
				MTL_ENABLE_DEBUG_INFO = INCLUDE_SOURCE;
				MTL_FAST_MATH = YES;
				ONLY_ACTIVE_ARCH = YES;
				SDKROOT = iphoneos;
				SWIFT_ACTIVE_COMPILATION_CONDITIONS = "DEBUG $(inherited)";
				SWIFT_OPTIMIZATION_LEVEL = "-Onone";
			};
			name = Debug;
		};
		363864992C41992C00501761 /* Release */ = {
			isa = XCBuildConfiguration;
			buildSettings = {
				ALWAYS_SEARCH_USER_PATHS = NO;
				ASSETCATALOG_COMPILER_GENERATE_SWIFT_ASSET_SYMBOL_EXTENSIONS = YES;
				CLANG_ANALYZER_NONNULL = YES;
				CLANG_ANALYZER_NUMBER_OBJECT_CONVERSION = YES_AGGRESSIVE;
				CLANG_CXX_LANGUAGE_STANDARD = "gnu++20";
				CLANG_ENABLE_MODULES = YES;
				CLANG_ENABLE_OBJC_ARC = YES;
				CLANG_ENABLE_OBJC_WEAK = YES;
				CLANG_WARN_BLOCK_CAPTURE_AUTORELEASING = YES;
				CLANG_WARN_BOOL_CONVERSION = YES;
				CLANG_WARN_COMMA = YES;
				CLANG_WARN_CONSTANT_CONVERSION = YES;
				CLANG_WARN_DEPRECATED_OBJC_IMPLEMENTATIONS = YES;
				CLANG_WARN_DIRECT_OBJC_ISA_USAGE = YES_ERROR;
				CLANG_WARN_DOCUMENTATION_COMMENTS = YES;
				CLANG_WARN_EMPTY_BODY = YES;
				CLANG_WARN_ENUM_CONVERSION = YES;
				CLANG_WARN_INFINITE_RECURSION = YES;
				CLANG_WARN_INT_CONVERSION = YES;
				CLANG_WARN_NON_LITERAL_NULL_CONVERSION = YES;
				CLANG_WARN_OBJC_IMPLICIT_RETAIN_SELF = YES;
				CLANG_WARN_OBJC_LITERAL_CONVERSION = YES;
				CLANG_WARN_OBJC_ROOT_CLASS = YES_ERROR;
				CLANG_WARN_QUOTED_INCLUDE_IN_FRAMEWORK_HEADER = YES;
				CLANG_WARN_RANGE_LOOP_ANALYSIS = YES;
				CLANG_WARN_STRICT_PROTOTYPES = YES;
				CLANG_WARN_SUSPICIOUS_MOVE = YES;
				CLANG_WARN_UNGUARDED_AVAILABILITY = YES_AGGRESSIVE;
				CLANG_WARN_UNREACHABLE_CODE = YES;
				CLANG_WARN__DUPLICATE_METHOD_MATCH = YES;
				COPY_PHASE_STRIP = NO;
				DEBUG_INFORMATION_FORMAT = "dwarf-with-dsym";
				ENABLE_NS_ASSERTIONS = NO;
				ENABLE_STRICT_OBJC_MSGSEND = YES;
				ENABLE_USER_SCRIPT_SANDBOXING = YES;
				GCC_C_LANGUAGE_STANDARD = gnu17;
				GCC_NO_COMMON_BLOCKS = YES;
				GCC_WARN_64_TO_32_BIT_CONVERSION = YES;
				GCC_WARN_ABOUT_RETURN_TYPE = YES_ERROR;
				GCC_WARN_UNDECLARED_SELECTOR = YES;
				GCC_WARN_UNINITIALIZED_AUTOS = YES_AGGRESSIVE;
				GCC_WARN_UNUSED_FUNCTION = YES;
				GCC_WARN_UNUSED_VARIABLE = YES;
				IPHONEOS_DEPLOYMENT_TARGET = 17.5;
				LOCALIZATION_PREFERS_STRING_CATALOGS = YES;
				MTL_ENABLE_DEBUG_INFO = NO;
				MTL_FAST_MATH = YES;
				SDKROOT = iphoneos;
				SWIFT_COMPILATION_MODE = wholemodule;
				VALIDATE_PRODUCT = YES;
			};
			name = Release;
		};
		3638649B2C41992C00501761 /* Debug */ = {
			isa = XCBuildConfiguration;
			buildSettings = {
				ASSETCATALOG_COMPILER_APPICON_NAME = AppIcon;
				ASSETCATALOG_COMPILER_GLOBAL_ACCENT_COLOR_NAME = AccentColor;
				CODE_SIGN_STYLE = Automatic;
				CURRENT_PROJECT_VERSION = 1;
				DEVELOPMENT_ASSET_PATHS = "\"InteractiveUI/Preview Content\"";
				ENABLE_PREVIEWS = YES;
				GENERATE_INFOPLIST_FILE = YES;
				INFOPLIST_KEY_UIApplicationSceneManifest_Generation = YES;
				INFOPLIST_KEY_UIApplicationSupportsIndirectInputEvents = YES;
				INFOPLIST_KEY_UILaunchScreen_Generation = YES;
				INFOPLIST_KEY_UISupportedInterfaceOrientations_iPad = "UIInterfaceOrientationPortrait UIInterfaceOrientationPortraitUpsideDown UIInterfaceOrientationLandscapeLeft UIInterfaceOrientationLandscapeRight";
				INFOPLIST_KEY_UISupportedInterfaceOrientations_iPhone = "UIInterfaceOrientationPortrait UIInterfaceOrientationLandscapeLeft UIInterfaceOrientationLandscapeRight";
				LD_RUNPATH_SEARCH_PATHS = (
					"$(inherited)",
					"@executable_path/Frameworks",
				);
				MARKETING_VERSION = 1.0;
				PRODUCT_BUNDLE_IDENTIFIER = kwk.InteractiveUI;
				PRODUCT_NAME = "$(TARGET_NAME)";
				SWIFT_EMIT_LOC_STRINGS = YES;
				SWIFT_VERSION = 5.0;
				TARGETED_DEVICE_FAMILY = "1,2";
			};
			name = Debug;
		};
		3638649C2C41992C00501761 /* Release */ = {
			isa = XCBuildConfiguration;
			buildSettings = {
				ASSETCATALOG_COMPILER_APPICON_NAME = AppIcon;
				ASSETCATALOG_COMPILER_GLOBAL_ACCENT_COLOR_NAME = AccentColor;
				CODE_SIGN_STYLE = Automatic;
				CURRENT_PROJECT_VERSION = 1;
				DEVELOPMENT_ASSET_PATHS = "\"InteractiveUI/Preview Content\"";
				ENABLE_PREVIEWS = YES;
				GENERATE_INFOPLIST_FILE = YES;
				INFOPLIST_KEY_UIApplicationSceneManifest_Generation = YES;
				INFOPLIST_KEY_UIApplicationSupportsIndirectInputEvents = YES;
				INFOPLIST_KEY_UILaunchScreen_Generation = YES;
				INFOPLIST_KEY_UISupportedInterfaceOrientations_iPad = "UIInterfaceOrientationPortrait UIInterfaceOrientationPortraitUpsideDown UIInterfaceOrientationLandscapeLeft UIInterfaceOrientationLandscapeRight";
				INFOPLIST_KEY_UISupportedInterfaceOrientations_iPhone = "UIInterfaceOrientationPortrait UIInterfaceOrientationLandscapeLeft UIInterfaceOrientationLandscapeRight";
				LD_RUNPATH_SEARCH_PATHS = (
					"$(inherited)",
					"@executable_path/Frameworks",
				);
				MARKETING_VERSION = 1.0;
				PRODUCT_BUNDLE_IDENTIFIER = kwk.InteractiveUI;
				PRODUCT_NAME = "$(TARGET_NAME)";
				SWIFT_EMIT_LOC_STRINGS = YES;
				SWIFT_VERSION = 5.0;
				TARGETED_DEVICE_FAMILY = "1,2";
			};
			name = Release;
		};
		3638649E2C41992C00501761 /* Debug */ = {
			isa = XCBuildConfiguration;
			buildSettings = {
				ALWAYS_EMBED_SWIFT_STANDARD_LIBRARIES = YES;
				BUNDLE_LOADER = "$(TEST_HOST)";
				CODE_SIGN_STYLE = Automatic;
				CURRENT_PROJECT_VERSION = 1;
				GENERATE_INFOPLIST_FILE = YES;
				IPHONEOS_DEPLOYMENT_TARGET = 17.5;
				MARKETING_VERSION = 1.0;
				PRODUCT_BUNDLE_IDENTIFIER = kwk.InteractiveUITests;
				PRODUCT_NAME = "$(TARGET_NAME)";
				SWIFT_EMIT_LOC_STRINGS = NO;
				SWIFT_VERSION = 5.0;
				TARGETED_DEVICE_FAMILY = "1,2";
				TEST_HOST = "$(BUILT_PRODUCTS_DIR)/InteractiveUI.app/$(BUNDLE_EXECUTABLE_FOLDER_PATH)/InteractiveUI";
			};
			name = Debug;
		};
		3638649F2C41992C00501761 /* Release */ = {
			isa = XCBuildConfiguration;
			buildSettings = {
				ALWAYS_EMBED_SWIFT_STANDARD_LIBRARIES = YES;
				BUNDLE_LOADER = "$(TEST_HOST)";
				CODE_SIGN_STYLE = Automatic;
				CURRENT_PROJECT_VERSION = 1;
				GENERATE_INFOPLIST_FILE = YES;
				IPHONEOS_DEPLOYMENT_TARGET = 17.5;
				MARKETING_VERSION = 1.0;
				PRODUCT_BUNDLE_IDENTIFIER = kwk.InteractiveUITests;
				PRODUCT_NAME = "$(TARGET_NAME)";
				SWIFT_EMIT_LOC_STRINGS = NO;
				SWIFT_VERSION = 5.0;
				TARGETED_DEVICE_FAMILY = "1,2";
				TEST_HOST = "$(BUILT_PRODUCTS_DIR)/InteractiveUI.app/$(BUNDLE_EXECUTABLE_FOLDER_PATH)/InteractiveUI";
			};
			name = Release;
		};
		363864A12C41992C00501761 /* Debug */ = {
			isa = XCBuildConfiguration;
			buildSettings = {
				ALWAYS_EMBED_SWIFT_STANDARD_LIBRARIES = YES;
				CODE_SIGN_STYLE = Automatic;
				CURRENT_PROJECT_VERSION = 1;
				GENERATE_INFOPLIST_FILE = YES;
				MARKETING_VERSION = 1.0;
				PRODUCT_BUNDLE_IDENTIFIER = kwk.InteractiveUIUITests;
				PRODUCT_NAME = "$(TARGET_NAME)";
				SWIFT_EMIT_LOC_STRINGS = NO;
				SWIFT_VERSION = 5.0;
				TARGETED_DEVICE_FAMILY = "1,2";
				TEST_TARGET_NAME = InteractiveUI;
			};
			name = Debug;
		};
		363864A22C41992C00501761 /* Release */ = {
			isa = XCBuildConfiguration;
			buildSettings = {
				ALWAYS_EMBED_SWIFT_STANDARD_LIBRARIES = YES;
				CODE_SIGN_STYLE = Automatic;
				CURRENT_PROJECT_VERSION = 1;
				GENERATE_INFOPLIST_FILE = YES;
				MARKETING_VERSION = 1.0;
				PRODUCT_BUNDLE_IDENTIFIER = kwk.InteractiveUIUITests;
				PRODUCT_NAME = "$(TARGET_NAME)";
				SWIFT_EMIT_LOC_STRINGS = NO;
				SWIFT_VERSION = 5.0;
				TARGETED_DEVICE_FAMILY = "1,2";
				TEST_TARGET_NAME = InteractiveUI;
			};
			name = Release;
		};
/* End XCBuildConfiguration section */

/* Begin XCConfigurationList section */
		363864712C41992B00501761 /* Build configuration list for PBXProject "InteractiveUI" */ = {
			isa = XCConfigurationList;
			buildConfigurations = (
				363864982C41992C00501761 /* Debug */,
				363864992C41992C00501761 /* Release */,
			);
			defaultConfigurationIsVisible = 0;
			defaultConfigurationName = Release;
		};
		3638649A2C41992C00501761 /* Build configuration list for PBXNativeTarget "InteractiveUI" */ = {
			isa = XCConfigurationList;
			buildConfigurations = (
				3638649B2C41992C00501761 /* Debug */,
				3638649C2C41992C00501761 /* Release */,
			);
			defaultConfigurationIsVisible = 0;
			defaultConfigurationName = Release;
		};
		3638649D2C41992C00501761 /* Build configuration list for PBXNativeTarget "InteractiveUITests" */ = {
			isa = XCConfigurationList;
			buildConfigurations = (
				3638649E2C41992C00501761 /* Debug */,
				3638649F2C41992C00501761 /* Release */,
			);
			defaultConfigurationIsVisible = 0;
			defaultConfigurationName = Release;
		};
		363864A02C41992C00501761 /* Build configuration list for PBXNativeTarget "InteractiveUIUITests" */ = {
			isa = XCConfigurationList;
			buildConfigurations = (
				363864A12C41992C00501761 /* Debug */,
				363864A22C41992C00501761 /* Release */,
			);
			defaultConfigurationIsVisible = 0;
			defaultConfigurationName = Release;
		};
/* End XCConfigurationList section */
	};
	rootObject = 3638646E2C41992B00501761 /* Project object */;
}
